lockfileVersion: '9.0'

settings:
  autoInstallPeers: true
  excludeLinksFromLockfile: false

importers:

  .:
    dependencies:
      lucide:
        specifier: ^0.552.0
        version: 0.552.0
      typescript:
        specifier: ^5.9.3
        version: 5.9.3

packages:

  lucide@0.552.0:
    resolution: {integrity: sha512-f9PSKLsd4TtGRnRnbqZ2IMKQ2tfCA/dwHaZHysmB3LAF8uRi2GB35iy6S/kjcdvglDrueUdpu50ZDBoB21WT2g==}

  typescript@5.9.3:
    resolution: {integrity: sha512-jl1vZzPDinLr9eUt3J/t7V6FgNEw9QjvBPdysz9KfQDD41fQrC2Y4vKQdiaUpFT4bXlb1RHhLpp8wtm6M5TgSw==}
    engines: {node: '>=14.17'}
    hasBin: true

snapshots:

  lucide@0.552.0: {}

  typescript@5.9.3: {}
